// !$*UTF8*$!
{
	archiveVersion = 1;
	classes = {
	};
	objectVersion = 50;
	objects = {

/* Begin PBXBuildFile section */
		9D3D8C3324F38F0C002A76E6 /* smily.jpg in Resources */ = {isa = PBXBuildFile; fileRef = 9D3D8C3224F38F0C002A76E6 /* smily.jpg */; };
		DDA8D5C12312EC39005AD453 /* AppDelegate.swift in Sources */ = {isa = PBXBuildFile; fileRef = DDA8D5C02312EC39005AD453 /* AppDelegate.swift */; };
		DDA8D5C32312EC39005AD453 /* ViewController.swift in Sources */ = {isa = PBXBuildFile; fileRef = DDA8D5C22312EC39005AD453 /* ViewController.swift */; };
		DDA8D5C62312EC39005AD453 /* Main.storyboard in Resources */ = {isa = PBXBuildFile; fileRef = DDA8D5C42312EC39005AD453 /* Main.storyboard */; };
		DDA8D5C82312EC3A005AD453 /* Assets.xcassets in Resources */ = {isa = PBXBuildFile; fileRef = DDA8D5C72312EC3A005AD453 /* Assets.xcassets */; };
		DDA8D5CB2312EC3A005AD453 /* LaunchScreen.storyboard in Resources */ = {isa = PBXBuildFile; fileRef = DDA8D5C92312EC3A005AD453 /* LaunchScreen.storyboard */; };
/* End PBXBuildFile section */

/* Begin PBXFileReference section */
		9D3D8C3224F38F0C002A76E6 /* smily.jpg */ = {isa = PBXFileReference; lastKnownFileType = image.jpeg; name = smily.jpg; path = Assets.xcassets/smily.jpg; sourceTree = "<group>"; };
		DDA8D5BD2312EC39005AD453 /* xcode_demo.app */ = {isa = PBXFileReference; explicitFileType = wrapper.application; includeInIndex = 0; path = xcode_demo.app; sourceTree = BUILT_PRODUCTS_DIR; };
		DDA8D5C02312EC39005AD453 /* AppDelegate.swift */ = {isa = PBXFileReference; lastKnownFileType = sourcecode.swift; path = AppDelegate.swift; sourceTree = "<group>"; };
		DDA8D5C22312EC39005AD453 /* ViewController.swift */ = {isa = PBXFileReference; lastKnownFileType = sourcecode.swift; path = ViewController.swift; sourceTree = "<group>"; };
		DDA8D5C52312EC39005AD453 /* Base */ = {isa = PBXFileReference; lastKnownFileType = file.storyboard; name = Base; path = Base.lproj/Main.storyboard; sourceTree = "<group>"; };
		DDA8D5C72312EC3A005AD453 /* Assets.xcassets */ = {isa = PBXFileReference; lastKnownFileType = folder.assetcatalog; path = Assets.xcassets; sourceTree = "<group>"; };
		DDA8D5CA2312EC3A005AD453 /* Base */ = {isa = PBXFileReference; lastKnownFileType = file.storyboard; name = Base; path = Base.lproj/LaunchScreen.storyboard; sourceTree = "<group>"; };
		DDA8D5CC2312EC3A005AD453 /* Info.plist */ = {isa = PBXFileReference; lastKnownFileType = text.plist.xml; path = Info.plist; sourceTree = "<group>"; };
/* End PBXFileReference section */

/* Begin PBXFrameworksBuildPhase section */
		DDA8D5BA2312EC39005AD453 /* Frameworks */ = {
			isa = PBXFrameworksBuildPhase;
			buildActionMask = 2147483647;
			files = (
			);
			runOnlyForDeploymentPostprocessing = 0;
		};
/* End PBXFrameworksBuildPhase section */

/* Begin PBXGroup section */
		DDA8D5B42312EC39005AD453 = {
			isa = PBXGroup;
			children = (
				DDA8D5BF2312EC39005AD453 /* xcode_demo */,
				DDA8D5BE2312EC39005AD453 /* Products */,
			);
			sourceTree = "<group>";
		};
		DDA8D5BE2312EC39005AD453 /* Products */ = {
			isa = PBXGroup;
			children = (
				DDA8D5BD2312EC39005AD453 /* xcode_demo.app */,
			);
			name = Products;
			sourceTree = "<group>";
		};
		DDA8D5BF2312EC39005AD453 /* xcode_demo */ = {
			isa = PBXGroup;
			children = (
				DDA8D5C02312EC39005AD453 /* AppDelegate.swift */,
				DDA8D5C22312EC39005AD453 /* ViewController.swift */,
				DDA8D5C42312EC39005AD453 /* Main.storyboard */,
				DDA8D5C72312EC3A005AD453 /* Assets.xcassets */,
				9D3D8C3224F38F0C002A76E6 /* smily.jpg */,
				DDA8D5C92312EC3A005AD453 /* LaunchScreen.storyboard */,
				DDA8D5CC2312EC3A005AD453 /* Info.plist */,
			);
			path = xcode_demo;
			sourceTree = "<group>";
		};
/* End PBXGroup section */

/* Begin PBXNativeTarget section */
		DDA8D5BC2312EC39005AD453 /* xcode_demo */ = {
			isa = PBXNativeTarget;
			buildConfigurationList = DDA8D5CF2312EC3A005AD453 /* Build configuration list for PBXNativeTarget "xcode_demo" */;
			buildPhases = (
				DDA8D5B92312EC39005AD453 /* Sources */,
				DDA8D5BA2312EC39005AD453 /* Frameworks */,
				DDA8D5BB2312EC39005AD453 /* Resources */,
			);
			buildRules = (
			);
			dependencies = (
			);
			name = xcode_demo;
			productName = xcode_demo;
			productReference = DDA8D5BD2312EC39005AD453 /* xcode_demo.app */;
			productType = "com.apple.product-type.application";
		};
/* End PBXNativeTarget section */

/* Begin PBXProject section */
		DDA8D5B52312EC39005AD453 /* Project object */ = {
			isa = PBXProject;
			attributes = {
				LastSwiftUpdateCheck = 1030;
				LastUpgradeCheck = 1030;
				ORGANIZATIONNAME = "Janaka Balasooriya";
				TargetAttributes = {
					DDA8D5BC2312EC39005AD453 = {
						CreatedOnToolsVersion = 10.3;
					};
				};
			};
			buildConfigurationList = DDA8D5B82312EC39005AD453 /* Build configuration list for PBXProject "xcode_demo" */;
			compatibilityVersion = "Xcode 9.3";
			developmentRegion = en;
			hasScannedForEncodings = 0;
			knownRegions = (
				en,
				Base,
			);
			mainGroup = DDA8D5B42312EC39005AD453;
			productRefGroup = DDA8D5BE2312EC39005AD453 /* Products */;
			projectDirPath = "";
			projectRoot = "";
			targets = (
				DDA8D5BC2312EC39005AD453 /* xcode_demo */,
			);
		};
/* End PBXProject section */

/* Begin PBXResourcesBuildPhase section */
		DDA8D5BB2312EC39005AD453 /* Resources */ = {
			isa = PBXResourcesBuildPhase;
			buildActionMask = 2147483647;
			files = (
				DDA8D5CB2312EC3A005AD453 /* LaunchScreen.storyboard in Resources */,
				DDA8D5C82312EC3A005AD453 /* Assets.xcassets in Resources */,
				9D3D8C3324F38F0C002A76E6 /* smily.jpg in Resources */,
				DDA8D5C62312EC39005AD453 /* Main.storyboard in Resources */,
			);
			runOnlyForDeploymentPostprocessing = 0;
		};
/* End PBXResourcesBuildPhase section */

/* Begin PBXSourcesBuildPhase section */
		DDA8D5B92312EC39005AD453 /* Sources */ = {
			isa = PBXSourcesBuildPhase;
			buildActionMask = 2147483647;
			files = (
				DDA8D5C32312EC39005AD453 /* ViewController.swift in Sources */,
				DDA8D5C12312EC39005AD453 /* AppDelegate.swift in Sources */,
			);
			runOnlyForDeploymentPostprocessing = 0;
		};
/* End PBXSourcesBuildPhase section */

/* Begin PBXVariantGroup section */
		DDA8D5C42312EC39005AD453 /* Main.storyboard */ = {
			isa = PBXVariantGroup;
			children = (
				DDA8D5C52312EC39005AD453 /* Base */,
			);
			name = Main.storyboard;
			sourceTree = "<group>";
		};
		DDA8D5C92312EC3A005AD453 /* LaunchScreen.storyboard */ = {
			isa = PBXVariantGroup;
			children = (
				DDA8D5CA2312EC3A005AD453 /* Base */,
			);
			name = LaunchScreen.storyboard;
			sourceTree = "<group>";
		};
/* End PBXVariantGroup section */

/* Begin XCBuildConfiguration section */
		DDA8D5CD2312EC3A005AD453 /* Debug */ = {
			isa = XCBuildConfiguration;
			buildSettings = {
				ALWAYS_SEARCH_USER_PATHS = NO;
				CLANG_ANALYZER_NONNULL = YES;
				CLANG_ANALYZER_NUMBER_OBJECT_CONVERSION = YES_AGGRESSIVE;
				CLANG_CXX_LANGUAGE_STANDARD = "gnu++14";
				CLANG_CXX_LIBRARY = "libc++";
				CLANG_ENABLE_MODULES = YES;
				CLANG_ENABLE_OBJC_ARC = YES;
				CLANG_ENABLE_OBJC_WEAK = YES;
				CLANG_WARN_BLOCK_CAPTURE_AUTORELEASING = YES;
				CLANG_WARN_BOOL_CONVERSION = YES;
				CLANG_WARN_COMMA = YES;
				CLANG_WARN_CONSTANT_CONVERSION = YES;
				CLANG_WARN_DEPRECATED_OBJC_IMPLEMENTATIONS = YES;
				CLANG_WARN_DIRECT_OBJC_ISA_USAGE = YES_ERROR;
				CLANG_WARN_DOCUMENTATION_COMMENTS = YES;
				CLANG_WARN_EMPTY_BODY = YES;
				CLANG_WARN_ENUM_CONVERSION = YES;
				CLANG_WARN_INFINITE_RECURSION = YES;
				CLANG_WARN_INT_CONVERSION = YES;
				CLANG_WARN_NON_LITERAL_NULL_CONVERSION = YES;
				CLANG_WARN_OBJC_IMPLICIT_RETAIN_SELF = YES;
				CLANG_WARN_OBJC_LITERAL_CONVERSION = YES;
				CLANG_WARN_OBJC_ROOT_CLASS = YES_ERROR;
				CLANG_WARN_RANGE_LOOP_ANALYSIS = YES;
				CLANG_WARN_STRICT_PROTOTYPES = YES;
				CLANG_WARN_SUSPICIOUS_MOVE = YES;
				CLANG_WARN_UNGUARDED_AVAILABILITY = YES_AGGRESSIVE;
				CLANG_WARN_UNREACHABLE_CODE = YES;
				CLANG_WARN__DUPLICATE_METHOD_MATCH = YES;
				CODE_SIGN_IDENTITY = "iPhone Developer";
				COPY_PHASE_STRIP = NO;
				DEBUG_INFORMATION_FORMAT = dwarf;
				ENABLE_STRICT_OBJC_MSGSEND = YES;
				ENABLE_TESTABILITY = YES;
				GCC_C_LANGUAGE_STANDARD = gnu11;
				GCC_DYNAMIC_NO_PIC = NO;
				GCC_NO_COMMON_BLOCKS = YES;
				GCC_OPTIMIZATION_LEVEL = 0;
				GCC_PREPROCESSOR_DEFINITIONS = (
					"DEBUG=1",
					"$(inherited)",
				);
				GCC_WARN_64_TO_32_BIT_CONVERSION = YES;
				GCC_WARN_ABOUT_RETURN_TYPE = YES_ERROR;
				GCC_WARN_UNDECLARED_SELECTOR = YES;
				GCC_WARN_UNINITIALIZED_AUTOS = YES_AGGRESSIVE;
				GCC_WARN_UNUSED_FUNCTION = YES;
				GCC_WARN_UNUSED_VARIABLE = YES;
				IPHONEOS_DEPLOYMENT_TARGET = 12.4;
				MTL_ENABLE_DEBUG_INFO = INCLUDE_SOURCE;
				MTL_FAST_MATH = YES;
				ONLY_ACTIVE_ARCH = YES;
				SDKROOT = iphoneos;
				SWIFT_ACTIVE_COMPILATION_CONDITIONS = DEBUG;
				SWIFT_OPTIMIZATION_LEVEL = "-Onone";
			};
			name = Debug;
		};
		DDA8D5CE2312EC3A005AD453 /* Release */ = {
			isa = XCBuildConfiguration;
			buildSettings = {
				ALWAYS_SEARCH_USER_PATHS = NO;
				CLANG_ANALYZER_NONNULL = YES;
				CLANG_ANALYZER_NUMBER_OBJECT_CONVERSION = YES_AGGRESSIVE;
				CLANG_CXX_LANGUAGE_STANDARD = "gnu++14";
				CLANG_CXX_LIBRARY = "libc++";
				CLANG_ENABLE_MODULES = YES;
				CLANG_ENABLE_OBJC_ARC = YES;
				CLANG_ENABLE_OBJC_WEAK = YES;
				CLANG_WARN_BLOCK_CAPTURE_AUTORELEASING = YES;
				CLANG_WARN_BOOL_CONVERSION = YES;
				CLANG_WARN_COMMA = YES;
				CLANG_WARN_CONSTANT_CONVERSION = YES;
				CLANG_WARN_DEPRECATED_OBJC_IMPLEMENTATIONS = YES;
				CLANG_WARN_DIRECT_OBJC_ISA_USAGE = YES_ERROR;
				CLANG_WARN_DOCUMENTATION_COMMENTS = YES;
				CLANG_WARN_EMPTY_BODY = YES;
				CLANG_WARN_ENUM_CONVERSION = YES;
				CLANG_WARN_INFINITE_RECURSION = YES;
				CLANG_WARN_INT_CONVERSION = YES;
				CLANG_WARN_NON_LITERAL_NULL_CONVERSION = YES;
				CLANG_WARN_OBJC_IMPLICIT_RETAIN_SELF = YES;
				CLANG_WARN_OBJC_LITERAL_CONVERSION = YES;
				CLANG_WARN_OBJC_ROOT_CLASS = YES_ERROR;
				CLANG_WARN_RANGE_LOOP_ANALYSIS = YES;
				CLANG_WARN_STRICT_PROTOTYPES = YES;
				CLANG_WARN_SUSPICIOUS_MOVE = YES;
				CLANG_WARN_UNGUARDED_AVAILABILITY = YES_AGGRESSIVE;
				CLANG_WARN_UNREACHABLE_CODE = YES;
				CLANG_WARN__DUPLICATE_METHOD_MATCH = YES;
				CODE_SIGN_IDENTITY = "iPhone Developer";
				COPY_PHASE_STRIP = NO;
				DEBUG_INFORMATION_FORMAT = "dwarf-with-dsym";
				ENABLE_NS_ASSERTIONS = NO;
				ENABLE_STRICT_OBJC_MSGSEND = YES;
				GCC_C_LANGUAGE_STANDARD = gnu11;
				GCC_NO_COMMON_BLOCKS = YES;
				GCC_WARN_64_TO_32_BIT_CONVERSION = YES;
				GCC_WARN_ABOUT_RETURN_TYPE = YES_ERROR;
				GCC_WARN_UNDECLARED_SELECTOR = YES;
				GCC_WARN_UNINITIALIZED_AUTOS = YES_AGGRESSIVE;
				GCC_WARN_UNUSED_FUNCTION = YES;
				GCC_WARN_UNUSED_VARIABLE = YES;
				IPHONEOS_DEPLOYMENT_TARGET = 12.4;
				MTL_ENABLE_DEBUG_INFO = NO;
				MTL_FAST_MATH = YES;
				SDKROOT = iphoneos;
				SWIFT_COMPILATION_MODE = wholemodule;
				SWIFT_OPTIMIZATION_LEVEL = "-O";
				VALIDATE_PRODUCT = YES;
			};
			name = Release;
		};
		DDA8D5D02312EC3A005AD453 /* Debug */ = {
			isa = XCBuildConfiguration;
			buildSettings = {
				ASSETCATALOG_COMPILER_APPICON_NAME = AppIcon;
				CODE_SIGN_STYLE = Automatic;
				INFOPLIST_FILE = xcode_demo/Info.plist;
				LD_RUNPATH_SEARCH_PATHS = (
					"$(inherited)",
					"@executable_path/Frameworks",
				);
				PRODUCT_BUNDLE_IDENTIFIER = "asu.xcode-demo";
				PRODUCT_NAME = "$(TARGET_NAME)";
				SWIFT_VERSION = 5.0;
				TARGETED_DEVICE_FAMILY = "1,2";
			};
			name = Debug;
		};
		DDA8D5D12312EC3A005AD453 /* Release */ = {
			isa = XCBuildConfiguration;
			buildSettings = {
				ASSETCATALOG_COMPILER_APPICON_NAME = AppIcon;
				CODE_SIGN_STYLE = Automatic;
				INFOPLIST_FILE = xcode_demo/Info.plist;
				LD_RUNPATH_SEARCH_PATHS = (
					"$(inherited)",
					"@executable_path/Frameworks",
				);
				PRODUCT_BUNDLE_IDENTIFIER = "asu.xcode-demo";
				PRODUCT_NAME = "$(TARGET_NAME)";
				SWIFT_VERSION = 5.0;
				TARGETED_DEVICE_FAMILY = "1,2";
			};
			name = Release;
		};
/* End XCBuildConfiguration section */

/* Begin XCConfigurationList section */
		DDA8D5B82312EC39005AD453 /* Build configuration list for PBXProject "xcode_demo" */ = {
			isa = XCConfigurationList;
			buildConfigurations = (
				DDA8D5CD2312EC3A005AD453 /* Debug */,
				DDA8D5CE2312EC3A005AD453 /* Release */,
			);
			defaultConfigurationIsVisible = 0;
			defaultConfigurationName = Release;
		};
		DDA8D5CF2312EC3A005AD453 /* Build configuration list for PBXNativeTarget "xcode_demo" */ = {
			isa = XCConfigurationList;
			buildConfigurations = (
				DDA8D5D02312EC3A005AD453 /* Debug */,
				DDA8D5D12312EC3A005AD453 /* Release */,
			);
			defaultConfigurationIsVisible = 0;
			defaultConfigurationName = Release;
		};
/* End XCConfigurationList section */
	};
	rootObject = DDA8D5B52312EC39005AD453 /* Project object */;
}
